// !$*UTF8*$!
{
	archiveVersion = 1;
	classes = {
	};
	objectVersion = 50;
	objects = {

/* Begin PBXBuildFile section */
		848A639121291CE400C3F4A0 /* playsoundsviewcontroller-audio.swift in Sources */ = {isa = PBXBuildFile; fileRef = 848A639021291CE400C3F4A0 /* playsoundsviewcontroller-audio.swift */; };
		84EDAC6B2123B1DA001D332D /* AppDelegate.swift in Sources */ = {isa = PBXBuildFile; fileRef = 84EDAC6A2123B1DA001D332D /* AppDelegate.swift */; };
		84EDAC6D2123B1DA001D332D /* RecordSoundsViewController.swift in Sources */ = {isa = PBXBuildFile; fileRef = 84EDAC6C2123B1DA001D332D /* RecordSoundsViewController.swift */; };
		84EDAC702123B1DA001D332D /* Main.storyboard in Resources */ = {isa = PBXBuildFile; fileRef = 84EDAC6E2123B1DA001D332D /* Main.storyboard */; };
		84EDAC722123B1DC001D332D /* Assets.xcassets in Resources */ = {isa = PBXBuildFile; fileRef = 84EDAC712123B1DC001D332D /* Assets.xcassets */; };
		84EDAC752123B1DC001D332D /* LaunchScreen.storyboard in Resources */ = {isa = PBXBuildFile; fileRef = 84EDAC732123B1DC001D332D /* LaunchScreen.storyboard */; };
		84EDAC802123B1DC001D332D /* Pitch_PerfectTests.swift in Sources */ = {isa = PBXBuildFile; fileRef = 84EDAC7F2123B1DC001D332D /* Pitch_PerfectTests.swift */; };
		84EDAC8B2123B1DC001D332D /* Pitch_PerfectUITests.swift in Sources */ = {isa = PBXBuildFile; fileRef = 84EDAC8A2123B1DC001D332D /* Pitch_PerfectUITests.swift */; };
		84EDAC9921268172001D332D /* PlaySoundsViewController.swift in Sources */ = {isa = PBXBuildFile; fileRef = 84EDAC9821268172001D332D /* PlaySoundsViewController.swift */; };
/* End PBXBuildFile section */

/* Begin PBXContainerItemProxy section */
		84EDAC7C2123B1DC001D332D /* PBXContainerItemProxy */ = {
			isa = PBXContainerItemProxy;
			containerPortal = 84EDAC5F2123B1DA001D332D /* Project object */;
			proxyType = 1;
			remoteGlobalIDString = 84EDAC662123B1DA001D332D;
			remoteInfo = "Pitch Perfect";
		};
		84EDAC872123B1DC001D332D /* PBXContainerItemProxy */ = {
			isa = PBXContainerItemProxy;
			containerPortal = 84EDAC5F2123B1DA001D332D /* Project object */;
			proxyType = 1;
			remoteGlobalIDString = 84EDAC662123B1DA001D332D;
			remoteInfo = "Pitch Perfect";
		};
/* End PBXContainerItemProxy section */

/* Begin PBXFileReference section */
		848A639021291CE400C3F4A0 /* playsoundsviewcontroller-audio.swift */ = {isa = PBXFileReference; fileEncoding = 4; lastKnownFileType = sourcecode.swift; path = "playsoundsviewcontroller-audio.swift"; sourceTree = "<group>"; };
		84EDAC672123B1DA001D332D /* Pitch Perfect.app */ = {isa = PBXFileReference; explicitFileType = wrapper.application; includeInIndex = 0; path = "Pitch Perfect.app"; sourceTree = BUILT_PRODUCTS_DIR; };
		84EDAC6A2123B1DA001D332D /* AppDelegate.swift */ = {isa = PBXFileReference; lastKnownFileType = sourcecode.swift; path = AppDelegate.swift; sourceTree = "<group>"; };
		84EDAC6C2123B1DA001D332D /* RecordSoundsViewController.swift */ = {isa = PBXFileReference; lastKnownFileType = sourcecode.swift; path = RecordSoundsViewController.swift; sourceTree = "<group>"; };
		84EDAC6F2123B1DA001D332D /* Base */ = {isa = PBXFileReference; lastKnownFileType = file.storyboard; name = Base; path = Base.lproj/Main.storyboard; sourceTree = "<group>"; };
		84EDAC712123B1DC001D332D /* Assets.xcassets */ = {isa = PBXFileReference; lastKnownFileType = folder.assetcatalog; path = Assets.xcassets; sourceTree = "<group>"; };
		84EDAC742123B1DC001D332D /* Base */ = {isa = PBXFileReference; lastKnownFileType = file.storyboard; name = Base; path = Base.lproj/LaunchScreen.storyboard; sourceTree = "<group>"; };
		84EDAC762123B1DC001D332D /* Info.plist */ = {isa = PBXFileReference; lastKnownFileType = text.plist.xml; path = Info.plist; sourceTree = "<group>"; };
		84EDAC7B2123B1DC001D332D /* Pitch PerfectTests.xctest */ = {isa = PBXFileReference; explicitFileType = wrapper.cfbundle; includeInIndex = 0; path = "Pitch PerfectTests.xctest"; sourceTree = BUILT_PRODUCTS_DIR; };
		84EDAC7F2123B1DC001D332D /* Pitch_PerfectTests.swift */ = {isa = PBXFileReference; lastKnownFileType = sourcecode.swift; path = Pitch_PerfectTests.swift; sourceTree = "<group>"; };
		84EDAC812123B1DC001D332D /* Info.plist */ = {isa = PBXFileReference; lastKnownFileType = text.plist.xml; path = Info.plist; sourceTree = "<group>"; };
		84EDAC862123B1DC001D332D /* Pitch PerfectUITests.xctest */ = {isa = PBXFileReference; explicitFileType = wrapper.cfbundle; includeInIndex = 0; path = "Pitch PerfectUITests.xctest"; sourceTree = BUILT_PRODUCTS_DIR; };
		84EDAC8A2123B1DC001D332D /* Pitch_PerfectUITests.swift */ = {isa = PBXFileReference; lastKnownFileType = sourcecode.swift; path = Pitch_PerfectUITests.swift; sourceTree = "<group>"; };
		84EDAC8C2123B1DC001D332D /* Info.plist */ = {isa = PBXFileReference; lastKnownFileType = text.plist.xml; path = Info.plist; sourceTree = "<group>"; };
		84EDAC9821268172001D332D /* PlaySoundsViewController.swift */ = {isa = PBXFileReference; lastKnownFileType = sourcecode.swift; path = PlaySoundsViewController.swift; sourceTree = "<group>"; };
/* End PBXFileReference section */

/* Begin PBXFrameworksBuildPhase section */
		84EDAC642123B1DA001D332D /* Frameworks */ = {
			isa = PBXFrameworksBuildPhase;
			buildActionMask = 2147483647;
			files = (
			);
			runOnlyForDeploymentPostprocessing = 0;
		};
		84EDAC782123B1DC001D332D /* Frameworks */ = {
			isa = PBXFrameworksBuildPhase;
			buildActionMask = 2147483647;
			files = (
			);
			runOnlyForDeploymentPostprocessing = 0;
		};
		84EDAC832123B1DC001D332D /* Frameworks */ = {
			isa = PBXFrameworksBuildPhase;
			buildActionMask = 2147483647;
			files = (
			);
			runOnlyForDeploymentPostprocessing = 0;
		};
/* End PBXFrameworksBuildPhase section */

/* Begin PBXGroup section */
		84EDAC5E2123B1DA001D332D = {
			isa = PBXGroup;
			children = (
				84EDAC692123B1DA001D332D /* Pitch Perfect */,
				84EDAC7E2123B1DC001D332D /* Pitch PerfectTests */,
				84EDAC892123B1DC001D332D /* Pitch PerfectUITests */,
				84EDAC682123B1DA001D332D /* Products */,
			);
			sourceTree = "<group>";
		};
		84EDAC682123B1DA001D332D /* Products */ = {
			isa = PBXGroup;
			children = (
				84EDAC672123B1DA001D332D /* Pitch Perfect.app */,
				84EDAC7B2123B1DC001D332D /* Pitch PerfectTests.xctest */,
				84EDAC862123B1DC001D332D /* Pitch PerfectUITests.xctest */,
			);
			name = Products;
			sourceTree = "<group>";
		};
		84EDAC692123B1DA001D332D /* Pitch Perfect */ = {
			isa = PBXGroup;
			children = (
				84EDAC6A2123B1DA001D332D /* AppDelegate.swift */,
				84EDAC6C2123B1DA001D332D /* RecordSoundsViewController.swift */,
				84EDAC6E2123B1DA001D332D /* Main.storyboard */,
				84EDAC712123B1DC001D332D /* Assets.xcassets */,
				84EDAC732123B1DC001D332D /* LaunchScreen.storyboard */,
				84EDAC762123B1DC001D332D /* Info.plist */,
				84EDAC9821268172001D332D /* PlaySoundsViewController.swift */,
				848A639021291CE400C3F4A0 /* playsoundsviewcontroller-audio.swift */,
			);
			path = "Pitch Perfect";
			sourceTree = "<group>";
		};
		84EDAC7E2123B1DC001D332D /* Pitch PerfectTests */ = {
			isa = PBXGroup;
			children = (
				84EDAC7F2123B1DC001D332D /* Pitch_PerfectTests.swift */,
				84EDAC812123B1DC001D332D /* Info.plist */,
			);
			path = "Pitch PerfectTests";
			sourceTree = "<group>";
		};
		84EDAC892123B1DC001D332D /* Pitch PerfectUITests */ = {
			isa = PBXGroup;
			children = (
				84EDAC8A2123B1DC001D332D /* Pitch_PerfectUITests.swift */,
				84EDAC8C2123B1DC001D332D /* Info.plist */,
			);
			path = "Pitch PerfectUITests";
			sourceTree = "<group>";
		};
/* End PBXGroup section */

/* Begin PBXNativeTarget section */
		84EDAC662123B1DA001D332D /* Pitch Perfect */ = {
			isa = PBXNativeTarget;
			buildConfigurationList = 84EDAC8F2123B1DC001D332D /* Build configuration list for PBXNativeTarget "Pitch Perfect" */;
			buildPhases = (
				84EDAC632123B1DA001D332D /* Sources */,
				84EDAC642123B1DA001D332D /* Frameworks */,
				84EDAC652123B1DA001D332D /* Resources */,
			);
			buildRules = (
			);
			dependencies = (
			);
			name = "Pitch Perfect";
			productName = "Pitch Perfect";
			productReference = 84EDAC672123B1DA001D332D /* Pitch Perfect.app */;
			productType = "com.apple.product-type.application";
		};
		84EDAC7A2123B1DC001D332D /* Pitch PerfectTests */ = {
			isa = PBXNativeTarget;
			buildConfigurationList = 84EDAC922123B1DC001D332D /* Build configuration list for PBXNativeTarget "Pitch PerfectTests" */;
			buildPhases = (
				84EDAC772123B1DC001D332D /* Sources */,
				84EDAC782123B1DC001D332D /* Frameworks */,
				84EDAC792123B1DC001D332D /* Resources */,
			);
			buildRules = (
			);
			dependencies = (
				84EDAC7D2123B1DC001D332D /* PBXTargetDependency */,
			);
			name = "Pitch PerfectTests";
			productName = "Pitch PerfectTests";
			productReference = 84EDAC7B2123B1DC001D332D /* Pitch PerfectTests.xctest */;
			productType = "com.apple.product-type.bundle.unit-test";
		};
		84EDAC852123B1DC001D332D /* Pitch PerfectUITests */ = {
			isa = PBXNativeTarget;
			buildConfigurationList = 84EDAC952123B1DC001D332D /* Build configuration list for PBXNativeTarget "Pitch PerfectUITests" */;
			buildPhases = (
				84EDAC822123B1DC001D332D /* Sources */,
				84EDAC832123B1DC001D332D /* Frameworks */,
				84EDAC842123B1DC001D332D /* Resources */,
			);
			buildRules = (
			);
			dependencies = (
				84EDAC882123B1DC001D332D /* PBXTargetDependency */,
			);
			name = "Pitch PerfectUITests";
			productName = "Pitch PerfectUITests";
			productReference = 84EDAC862123B1DC001D332D /* Pitch PerfectUITests.xctest */;
			productType = "com.apple.product-type.bundle.ui-testing";
		};
/* End PBXNativeTarget section */

/* Begin PBXProject section */
		84EDAC5F2123B1DA001D332D /* Project object */ = {
			isa = PBXProject;
			attributes = {
				LastSwiftUpdateCheck = 0940;
				LastUpgradeCheck = 0940;
				ORGANIZATIONNAME = Udacity;
				TargetAttributes = {
					84EDAC662123B1DA001D332D = {
						CreatedOnToolsVersion = 9.4.1;
					};
					84EDAC7A2123B1DC001D332D = {
						CreatedOnToolsVersion = 9.4.1;
						TestTargetID = 84EDAC662123B1DA001D332D;
					};
					84EDAC852123B1DC001D332D = {
						CreatedOnToolsVersion = 9.4.1;
						TestTargetID = 84EDAC662123B1DA001D332D;
					};
				};
			};
			buildConfigurationList = 84EDAC622123B1DA001D332D /* Build configuration list for PBXProject "Pitch Perfect" */;
			compatibilityVersion = "Xcode 9.3";
			developmentRegion = en;
			hasScannedForEncodings = 0;
			knownRegions = (
				en,
				Base,
			);
			mainGroup = 84EDAC5E2123B1DA001D332D;
			productRefGroup = 84EDAC682123B1DA001D332D /* Products */;
			projectDirPath = "";
			projectRoot = "";
			targets = (
				84EDAC662123B1DA001D332D /* Pitch Perfect */,
				84EDAC7A2123B1DC001D332D /* Pitch PerfectTests */,
				84EDAC852123B1DC001D332D /* Pitch PerfectUITests */,
			);
		};
/* End PBXProject section */

/* Begin PBXResourcesBuildPhase section */
		84EDAC652123B1DA001D332D /* Resources */ = {
			isa = PBXResourcesBuildPhase;
			buildActionMask = 2147483647;
			files = (
				84EDAC752123B1DC001D332D /* LaunchScreen.storyboard in Resources */,
				84EDAC722123B1DC001D332D /* Assets.xcassets in Resources */,
				84EDAC702123B1DA001D332D /* Main.storyboard in Resources */,
			);
			runOnlyForDeploymentPostprocessing = 0;
		};
		84EDAC792123B1DC001D332D /* Resources */ = {
			isa = PBXResourcesBuildPhase;
			buildActionMask = 2147483647;
			files = (
			);
			runOnlyForDeploymentPostprocessing = 0;
		};
		84EDAC842123B1DC001D332D /* Resources */ = {
			isa = PBXResourcesBuildPhase;
			buildActionMask = 2147483647;
			files = (
			);
			runOnlyForDeploymentPostprocessing = 0;
		};
/* End PBXResourcesBuildPhase section */

/* Begin PBXSourcesBuildPhase section */
		84EDAC632123B1DA001D332D /* Sources */ = {
			isa = PBXSourcesBuildPhase;
			buildActionMask = 2147483647;
			files = (
				84EDAC6D2123B1DA001D332D /* RecordSoundsViewController.swift in Sources */,
				84EDAC9921268172001D332D /* PlaySoundsViewController.swift in Sources */,
				84EDAC6B2123B1DA001D332D /* AppDelegate.swift in Sources */,
				848A639121291CE400C3F4A0 /* playsoundsviewcontroller-audio.swift in Sources */,
			);
			runOnlyForDeploymentPostprocessing = 0;
		};
		84EDAC772123B1DC001D332D /* Sources */ = {
			isa = PBXSourcesBuildPhase;
			buildActionMask = 2147483647;
			files = (
				84EDAC802123B1DC001D332D /* Pitch_PerfectTests.swift in Sources */,
			);
			runOnlyForDeploymentPostprocessing = 0;
		};
		84EDAC822123B1DC001D332D /* Sources */ = {
			isa = PBXSourcesBuildPhase;
			buildActionMask = 2147483647;
			files = (
				84EDAC8B2123B1DC001D332D /* Pitch_PerfectUITests.swift in Sources */,
			);
			runOnlyForDeploymentPostprocessing = 0;
		};
/* End PBXSourcesBuildPhase section */

/* Begin PBXTargetDependency section */
		84EDAC7D2123B1DC001D332D /* PBXTargetDependency */ = {
			isa = PBXTargetDependency;
			target = 84EDAC662123B1DA001D332D /* Pitch Perfect */;
			targetProxy = 84EDAC7C2123B1DC001D332D /* PBXContainerItemProxy */;
		};
		84EDAC882123B1DC001D332D /* PBXTargetDependency */ = {
			isa = PBXTargetDependency;
			target = 84EDAC662123B1DA001D332D /* Pitch Perfect */;
			targetProxy = 84EDAC872123B1DC001D332D /* PBXContainerItemProxy */;
		};
/* End PBXTargetDependency section */

/* Begin PBXVariantGroup section */
		84EDAC6E2123B1DA001D332D /* Main.storyboard */ = {
			isa = PBXVariantGroup;
			children = (
				84EDAC6F2123B1DA001D332D /* Base */,
			);
			name = Main.storyboard;
			sourceTree = "<group>";
		};
		84EDAC732123B1DC001D332D /* LaunchScreen.storyboard */ = {
			isa = PBXVariantGroup;
			children = (
				84EDAC742123B1DC001D332D /* Base */,
			);
			name = LaunchScreen.storyboard;
			sourceTree = "<group>";
		};
/* End PBXVariantGroup section */

/* Begin XCBuildConfiguration section */
		84EDAC8D2123B1DC001D332D /* Debug */ = {
			isa = XCBuildConfiguration;
			buildSettings = {
				ALWAYS_SEARCH_USER_PATHS = NO;
				CLANG_ANALYZER_NONNULL = YES;
				CLANG_ANALYZER_NUMBER_OBJECT_CONVERSION = YES_AGGRESSIVE;
				CLANG_CXX_LANGUAGE_STANDARD = "gnu++14";
				CLANG_CXX_LIBRARY = "libc++";
				CLANG_ENABLE_MODULES = YES;
				CLANG_ENABLE_OBJC_ARC = YES;
				CLANG_ENABLE_OBJC_WEAK = YES;
				CLANG_WARN_BLOCK_CAPTURE_AUTORELEASING = YES;
				CLANG_WARN_BOOL_CONVERSION = YES;
				CLANG_WARN_COMMA = YES;
				CLANG_WARN_CONSTANT_CONVERSION = YES;
				CLANG_WARN_DEPRECATED_OBJC_IMPLEMENTATIONS = YES;
				CLANG_WARN_DIRECT_OBJC_ISA_USAGE = YES_ERROR;
				CLANG_WARN_DOCUMENTATION_COMMENTS = YES;
				CLANG_WARN_EMPTY_BODY = YES;
				CLANG_WARN_ENUM_CONVERSION = YES;
				CLANG_WARN_INFINITE_RECURSION = YES;
				CLANG_WARN_INT_CONVERSION = YES;
				CLANG_WARN_NON_LITERAL_NULL_CONVERSION = YES;
				CLANG_WARN_OBJC_IMPLICIT_RETAIN_SELF = YES;
				CLANG_WARN_OBJC_LITERAL_CONVERSION = YES;
				CLANG_WARN_OBJC_ROOT_CLASS = YES_ERROR;
				CLANG_WARN_RANGE_LOOP_ANALYSIS = YES;
				CLANG_WARN_STRICT_PROTOTYPES = YES;
				CLANG_WARN_SUSPICIOUS_MOVE = YES;
				CLANG_WARN_UNGUARDED_AVAILABILITY = YES_AGGRESSIVE;
				CLANG_WARN_UNREACHABLE_CODE = YES;
				CLANG_WARN__DUPLICATE_METHOD_MATCH = YES;
				CODE_SIGN_IDENTITY = "iPhone Developer";
				COPY_PHASE_STRIP = NO;
				DEBUG_INFORMATION_FORMAT = dwarf;
				ENABLE_STRICT_OBJC_MSGSEND = YES;
				ENABLE_TESTABILITY = YES;
				GCC_C_LANGUAGE_STANDARD = gnu11;
				GCC_DYNAMIC_NO_PIC = NO;
				GCC_NO_COMMON_BLOCKS = YES;
				GCC_OPTIMIZATION_LEVEL = 0;
				GCC_PREPROCESSOR_DEFINITIONS = (
					"DEBUG=1",
					"$(inherited)",
				);
				GCC_WARN_64_TO_32_BIT_CONVERSION = YES;
				GCC_WARN_ABOUT_RETURN_TYPE = YES_ERROR;
				GCC_WARN_UNDECLARED_SELECTOR = YES;
				GCC_WARN_UNINITIALIZED_AUTOS = YES_AGGRESSIVE;
				GCC_WARN_UNUSED_FUNCTION = YES;
				GCC_WARN_UNUSED_VARIABLE = YES;
				IPHONEOS_DEPLOYMENT_TARGET = 11.4;
				MTL_ENABLE_DEBUG_INFO = YES;
				ONLY_ACTIVE_ARCH = YES;
				SDKROOT = iphoneos;
				SWIFT_ACTIVE_COMPILATION_CONDITIONS = DEBUG;
				SWIFT_OPTIMIZATION_LEVEL = "-Onone";
			};
			name = Debug;
		};
		84EDAC8E2123B1DC001D332D /* Release */ = {
			isa = XCBuildConfiguration;
			buildSettings = {
				ALWAYS_SEARCH_USER_PATHS = NO;
				CLANG_ANALYZER_NONNULL = YES;
				CLANG_ANALYZER_NUMBER_OBJECT_CONVERSION = YES_AGGRESSIVE;
				CLANG_CXX_LANGUAGE_STANDARD = "gnu++14";
				CLANG_CXX_LIBRARY = "libc++";
				CLANG_ENABLE_MODULES = YES;
				CLANG_ENABLE_OBJC_ARC = YES;
				CLANG_ENABLE_OBJC_WEAK = YES;
				CLANG_WARN_BLOCK_CAPTURE_AUTORELEASING = YES;
				CLANG_WARN_BOOL_CONVERSION = YES;
				CLANG_WARN_COMMA = YES;
				CLANG_WARN_CONSTANT_CONVERSION = YES;
				CLANG_WARN_DEPRECATED_OBJC_IMPLEMENTATIONS = YES;
				CLANG_WARN_DIRECT_OBJC_ISA_USAGE = YES_ERROR;
				CLANG_WARN_DOCUMENTATION_COMMENTS = YES;
				CLANG_WARN_EMPTY_BODY = YES;
				CLANG_WARN_ENUM_CONVERSION = YES;
				CLANG_WARN_INFINITE_RECURSION = YES;
				CLANG_WARN_INT_CONVERSION = YES;
				CLANG_WARN_NON_LITERAL_NULL_CONVERSION = YES;
				CLANG_WARN_OBJC_IMPLICIT_RETAIN_SELF = YES;
				CLANG_WARN_OBJC_LITERAL_CONVERSION = YES;
				CLANG_WARN_OBJC_ROOT_CLASS = YES_ERROR;
				CLANG_WARN_RANGE_LOOP_ANALYSIS = YES;
				CLANG_WARN_STRICT_PROTOTYPES = YES;
				CLANG_WARN_SUSPICIOUS_MOVE = YES;
				CLANG_WARN_UNGUARDED_AVAILABILITY = YES_AGGRESSIVE;
				CLANG_WARN_UNREACHABLE_CODE = YES;
				CLANG_WARN__DUPLICATE_METHOD_MATCH = YES;
				CODE_SIGN_IDENTITY = "iPhone Developer";
				COPY_PHASE_STRIP = NO;
				DEBUG_INFORMATION_FORMAT = "dwarf-with-dsym";
				ENABLE_NS_ASSERTIONS = NO;
				ENABLE_STRICT_OBJC_MSGSEND = YES;
				GCC_C_LANGUAGE_STANDARD = gnu11;
				GCC_NO_COMMON_BLOCKS = YES;
				GCC_WARN_64_TO_32_BIT_CONVERSION = YES;
				GCC_WARN_ABOUT_RETURN_TYPE = YES_ERROR;
				GCC_WARN_UNDECLARED_SELECTOR = YES;
				GCC_WARN_UNINITIALIZED_AUTOS = YES_AGGRESSIVE;
				GCC_WARN_UNUSED_FUNCTION = YES;
				GCC_WARN_UNUSED_VARIABLE = YES;
				IPHONEOS_DEPLOYMENT_TARGET = 11.4;
				MTL_ENABLE_DEBUG_INFO = NO;
				SDKROOT = iphoneos;
				SWIFT_COMPILATION_MODE = wholemodule;
				SWIFT_OPTIMIZATION_LEVEL = "-O";
				VALIDATE_PRODUCT = YES;
			};
			name = Release;
		};
		84EDAC902123B1DC001D332D /* Debug */ = {
			isa = XCBuildConfiguration;
			buildSettings = {
				ASSETCATALOG_COMPILER_APPICON_NAME = AppIcon;
				CODE_SIGN_STYLE = Automatic;
				INFOPLIST_FILE = "Pitch Perfect/Info.plist";
				LD_RUNPATH_SEARCH_PATHS = (
					"$(inherited)",
					"@executable_path/Frameworks",
				);
				PRODUCT_BUNDLE_IDENTIFIER = "com.udacity.Pitch-Perfect";
				PRODUCT_NAME = "$(TARGET_NAME)";
				SWIFT_VERSION = 4.0;
				TARGETED_DEVICE_FAMILY = "1,2";
			};
			name = Debug;
		};
		84EDAC912123B1DC001D332D /* Release */ = {
			isa = XCBuildConfiguration;
			buildSettings = {
				ASSETCATALOG_COMPILER_APPICON_NAME = AppIcon;
				CODE_SIGN_STYLE = Automatic;
				INFOPLIST_FILE = "Pitch Perfect/Info.plist";
				LD_RUNPATH_SEARCH_PATHS = (
					"$(inherited)",
					"@executable_path/Frameworks",
				);
				PRODUCT_BUNDLE_IDENTIFIER = "com.udacity.Pitch-Perfect";
				PRODUCT_NAME = "$(TARGET_NAME)";
				SWIFT_VERSION = 4.0;
				TARGETED_DEVICE_FAMILY = "1,2";
			};
			name = Release;
		};
		84EDAC932123B1DC001D332D /* Debug */ = {
			isa = XCBuildConfiguration;
			buildSettings = {
				ALWAYS_EMBED_SWIFT_STANDARD_LIBRARIES = YES;
				BUNDLE_LOADER = "$(TEST_HOST)";
				CODE_SIGN_STYLE = Automatic;
				INFOPLIST_FILE = "Pitch PerfectTests/Info.plist";
				LD_RUNPATH_SEARCH_PATHS = (
					"$(inherited)",
					"@executable_path/Frameworks",
					"@loader_path/Frameworks",
				);
				PRODUCT_BUNDLE_IDENTIFIER = "com.udacity.Pitch-PerfectTests";
				PRODUCT_NAME = "$(TARGET_NAME)";
				SWIFT_VERSION = 4.0;
				TARGETED_DEVICE_FAMILY = "1,2";
				TEST_HOST = "$(BUILT_PRODUCTS_DIR)/Pitch Perfect.app/Pitch Perfect";
			};
			name = Debug;
		};
		84EDAC942123B1DC001D332D /* Release */ = {
			isa = XCBuildConfiguration;
			buildSettings = {
				ALWAYS_EMBED_SWIFT_STANDARD_LIBRARIES = YES;
				BUNDLE_LOADER = "$(TEST_HOST)";
				CODE_SIGN_STYLE = Automatic;
				INFOPLIST_FILE = "Pitch PerfectTests/Info.plist";
				LD_RUNPATH_SEARCH_PATHS = (
					"$(inherited)",
					"@executable_path/Frameworks",
					"@loader_path/Frameworks",
				);
				PRODUCT_BUNDLE_IDENTIFIER = "com.udacity.Pitch-PerfectTests";
				PRODUCT_NAME = "$(TARGET_NAME)";
				SWIFT_VERSION = 4.0;
				TARGETED_DEVICE_FAMILY = "1,2";
				TEST_HOST = "$(BUILT_PRODUCTS_DIR)/Pitch Perfect.app/Pitch Perfect";
			};
			name = Release;
		};
		84EDAC962123B1DC001D332D /* Debug */ = {
			isa = XCBuildConfiguration;
			buildSettings = {
				ALWAYS_EMBED_SWIFT_STANDARD_LIBRARIES = YES;
				CODE_SIGN_STYLE = Automatic;
				INFOPLIST_FILE = "Pitch PerfectUITests/Info.plist";
				LD_RUNPATH_SEARCH_PATHS = (
					"$(inherited)",
					"@executable_path/Frameworks",
					"@loader_path/Frameworks",
				);
				PRODUCT_BUNDLE_IDENTIFIER = "com.udacity.Pitch-PerfectUITests";
				PRODUCT_NAME = "$(TARGET_NAME)";
				SWIFT_VERSION = 4.0;
				TARGETED_DEVICE_FAMILY = "1,2";
				TEST_TARGET_NAME = "Pitch Perfect";
			};
			name = Debug;
		};
		84EDAC972123B1DC001D332D /* Release */ = {
			isa = XCBuildConfiguration;
			buildSettings = {
				ALWAYS_EMBED_SWIFT_STANDARD_LIBRARIES = YES;
				CODE_SIGN_STYLE = Automatic;
				INFOPLIST_FILE = "Pitch PerfectUITests/Info.plist";
				LD_RUNPATH_SEARCH_PATHS = (
					"$(inherited)",
					"@executable_path/Frameworks",
					"@loader_path/Frameworks",
				);
				PRODUCT_BUNDLE_IDENTIFIER = "com.udacity.Pitch-PerfectUITests";
				PRODUCT_NAME = "$(TARGET_NAME)";
				SWIFT_VERSION = 4.0;
				TARGETED_DEVICE_FAMILY = "1,2";
				TEST_TARGET_NAME = "Pitch Perfect";
			};
			name = Release;
		};
/* End XCBuildConfiguration section */

/* Begin XCConfigurationList section */
		84EDAC622123B1DA001D332D /* Build configuration list for PBXProject "Pitch Perfect" */ = {
			isa = XCConfigurationList;
			buildConfigurations = (
				84EDAC8D2123B1DC001D332D /* Debug */,
				84EDAC8E2123B1DC001D332D /* Release */,
			);
			defaultConfigurationIsVisible = 0;
			defaultConfigurationName = Release;
		};
		84EDAC8F2123B1DC001D332D /* Build configuration list for PBXNativeTarget "Pitch Perfect" */ = {
			isa = XCConfigurationList;
			buildConfigurations = (
				84EDAC902123B1DC001D332D /* Debug */,
				84EDAC912123B1DC001D332D /* Release */,
			);
			defaultConfigurationIsVisible = 0;
			defaultConfigurationName = Release;
		};
		84EDAC922123B1DC001D332D /* Build configuration list for PBXNativeTarget "Pitch PerfectTests" */ = {
			isa = XCConfigurationList;
			buildConfigurations = (
				84EDAC932123B1DC001D332D /* Debug */,
				84EDAC942123B1DC001D332D /* Release */,
			);
			defaultConfigurationIsVisible = 0;
			defaultConfigurationName = Release;
		};
		84EDAC952123B1DC001D332D /* Build configuration list for PBXNativeTarget "Pitch PerfectUITests" */ = {
			isa = XCConfigurationList;
			buildConfigurations = (
				84EDAC962123B1DC001D332D /* Debug */,
				84EDAC972123B1DC001D332D /* Release */,
			);
			defaultConfigurationIsVisible = 0;
			defaultConfigurationName = Release;
		};
/* End XCConfigurationList section */
	};
	rootObject = 84EDAC5F2123B1DA001D332D /* Project object */;
}
